
Microsoft Visual Studio Solution File, Format Version 12.00
# Visual Studio Version 17
VisualStudioVersion = 17.2.32602.215
MinimumVisualStudioVersion = 10.0.40219.1
Project("{FAE04EC0-301F-11D3-BF4B-00C04F79EFBC}") = "BlazorComponentCommunication", "BlazorComponentCommunication\BlazorComponentCommunication.csproj", "{4F8FB4D5-C436-4206-AC5A-F6FB39827D30}"
EndProject
Global
	GlobalSection(SolutionConfigurationPlatforms) = preSolution
		Debug|Any CPU = Debug|Any CPU
		Release|Any CPU = Release|Any CPU
	EndGlobalSection
	GlobalSection(ProjectConfigurationPlatforms) = postSolution
		{4F8FB4D5-C436-4206-AC5A-F6FB39827D30}.Debug|Any CPU.ActiveCfg = Debug|Any CPU
		{4F8FB4D5-C436-4206-AC5A-F6FB39827D30}.Debug|Any CPU.Build.0 = Debug|Any CPU
		{4F8FB4D5-C436-4206-AC5A-F6FB39827D30}.Release|Any CPU.ActiveCfg = Release|Any CPU
		{4F8FB4D5-C436-4206-AC5A-F6FB39827D30}.Release|Any CPU.Build.0 = Release|Any CPU
	EndGlobalSection
	GlobalSection(SolutionProperties) = preSolution
		HideSolutionNode = FALSE
	EndGlobalSection
	GlobalSection(ExtensibilityGlobals) = postSolution
		SolutionGuid = {0088340F-BE6E-4FC1-9295-A02EB220B6C4}
	EndGlobalSection
EndGlobal
